// !$*UTF8*$!
{
	archiveVersion = 1;
	classes = {
	};
	objectVersion = 46;
	objects = {

/* Begin PBXBuildFile section */
		521C84CE55D242D26396AE3B /* Pods_LunaTests.framework in Frameworks */ = {isa = PBXBuildFile; fileRef = 86A1028D93A3FE5E2B27DBA8 /* Pods_LunaTests.framework */; };
		B1B32145809EBD815C0C400E /* Pods_Luna.framework in Frameworks */ = {isa = PBXBuildFile; fileRef = 532D6A37AC3167AE4E2EB8DD /* Pods_Luna.framework */; };
		CB105A541D87B24400EA201C /* AppDelegate.swift in Sources */ = {isa = PBXBuildFile; fileRef = CB105A531D87B24400EA201C /* AppDelegate.swift */; };
		CB105A561D87B24400EA201C /* LoginViewController.swift in Sources */ = {isa = PBXBuildFile; fileRef = CB105A551D87B24400EA201C /* LoginViewController.swift */; };
		CB105A591D87B24400EA201C /* Main.storyboard in Resources */ = {isa = PBXBuildFile; fileRef = CB105A571D87B24400EA201C /* Main.storyboard */; };
		CB105A5B1D87B24400EA201C /* Assets.xcassets in Resources */ = {isa = PBXBuildFile; fileRef = CB105A5A1D87B24400EA201C /* Assets.xcassets */; };
		CB105A5E1D87B24400EA201C /* LaunchScreen.storyboard in Resources */ = {isa = PBXBuildFile; fileRef = CB105A5C1D87B24400EA201C /* LaunchScreen.storyboard */; };
		CB105A691D87B24400EA201C /* LunaTests.swift in Sources */ = {isa = PBXBuildFile; fileRef = CB105A681D87B24400EA201C /* LunaTests.swift */; };
		CB105A771D87B7DD00EA201C /* Fabric.framework in Frameworks */ = {isa = PBXBuildFile; fileRef = CB105A751D87B7DD00EA201C /* Fabric.framework */; };
		CB105A781D87B7DD00EA201C /* Crashlytics.framework in Frameworks */ = {isa = PBXBuildFile; fileRef = CB105A761D87B7DD00EA201C /* Crashlytics.framework */; };
		CB2827721D90387F008043BC /* Constants.swift in Sources */ = {isa = PBXBuildFile; fileRef = CB2827701D90387F008043BC /* Constants.swift */; };
		CB2827731D90387F008043BC /* Networking.swift in Sources */ = {isa = PBXBuildFile; fileRef = CB2827711D90387F008043BC /* Networking.swift */; };
		CB51CDDC1D98DA100054F8C0 /* LunaAPI.swift in Sources */ = {isa = PBXBuildFile; fileRef = CB51CDDB1D98DA100054F8C0 /* LunaAPI.swift */; };
		CB59EFF31D8A0CCA0099F63A /* GoogleService-Info.plist in Resources */ = {isa = PBXBuildFile; fileRef = CB59EFF21D8A0CCA0099F63A /* GoogleService-Info.plist */; };
		CBC793201D8CC8D40014A0EA /* Utility.swift in Sources */ = {isa = PBXBuildFile; fileRef = CBC7931F1D8CC8D40014A0EA /* Utility.swift */; };
		CBC793221D8CCA950014A0EA /* String+.swift in Sources */ = {isa = PBXBuildFile; fileRef = CBC793211D8CCA950014A0EA /* String+.swift */; };
		CBD0B9B01D9589710002A1BF /* StandardDefaults.swift in Sources */ = {isa = PBXBuildFile; fileRef = CBD0B9AF1D9589710002A1BF /* StandardDefaults.swift */; };
		EA292C961D95AD2000C0B0BC /* User.swift in Sources */ = {isa = PBXBuildFile; fileRef = EA292C951D95AD2000C0B0BC /* User.swift */; };
		EA292C991D95AD6300C0B0BC /* FirebaseService.swift in Sources */ = {isa = PBXBuildFile; fileRef = EA292C981D95AD6300C0B0BC /* FirebaseService.swift */; };
		EA292C9F1D95ADE300C0B0BC /* UserViewModel.swift in Sources */ = {isa = PBXBuildFile; fileRef = EA292C9E1D95ADE300C0B0BC /* UserViewModel.swift */; };
		EA292CAB1D95AE3500C0B0BC /* OpenSans-Bold.ttf in Resources */ = {isa = PBXBuildFile; fileRef = EA292CA11D95AE3500C0B0BC /* OpenSans-Bold.ttf */; };
		EA292CAC1D95AE3500C0B0BC /* OpenSans-BoldItalic.ttf in Resources */ = {isa = PBXBuildFile; fileRef = EA292CA21D95AE3500C0B0BC /* OpenSans-BoldItalic.ttf */; };
		EA292CAD1D95AE3500C0B0BC /* OpenSans-ExtraBold.ttf in Resources */ = {isa = PBXBuildFile; fileRef = EA292CA31D95AE3500C0B0BC /* OpenSans-ExtraBold.ttf */; };
		EA292CAE1D95AE3500C0B0BC /* OpenSans-ExtraBoldItalic.ttf in Resources */ = {isa = PBXBuildFile; fileRef = EA292CA41D95AE3500C0B0BC /* OpenSans-ExtraBoldItalic.ttf */; };
		EA292CAF1D95AE3500C0B0BC /* OpenSans-Italic.ttf in Resources */ = {isa = PBXBuildFile; fileRef = EA292CA51D95AE3500C0B0BC /* OpenSans-Italic.ttf */; };
		EA292CB01D95AE3500C0B0BC /* OpenSans-Light.ttf in Resources */ = {isa = PBXBuildFile; fileRef = EA292CA61D95AE3500C0B0BC /* OpenSans-Light.ttf */; };
		EA292CB11D95AE3500C0B0BC /* OpenSans-LightItalic.ttf in Resources */ = {isa = PBXBuildFile; fileRef = EA292CA71D95AE3500C0B0BC /* OpenSans-LightItalic.ttf */; };
		EA292CB21D95AE3500C0B0BC /* OpenSans-Regular.ttf in Resources */ = {isa = PBXBuildFile; fileRef = EA292CA81D95AE3500C0B0BC /* OpenSans-Regular.ttf */; };
		EA292CB31D95AE3500C0B0BC /* OpenSans-Semibold.ttf in Resources */ = {isa = PBXBuildFile; fileRef = EA292CA91D95AE3500C0B0BC /* OpenSans-Semibold.ttf */; };
		EA292CB41D95AE3500C0B0BC /* OpenSans-SemiboldItalic.ttf in Resources */ = {isa = PBXBuildFile; fileRef = EA292CAA1D95AE3500C0B0BC /* OpenSans-SemiboldItalic.ttf */; };
		EA292CB71D95AEF900C0B0BC /* AuthorizeViewController.swift in Sources */ = {isa = PBXBuildFile; fileRef = EA292CB61D95AEF900C0B0BC /* AuthorizeViewController.swift */; };
		EA292CBB1D96C3DD00C0B0BC /* LoginViewModel.swift in Sources */ = {isa = PBXBuildFile; fileRef = EA292CBA1D96C3DD00C0B0BC /* LoginViewModel.swift */; };
		EA292CBD1D96C43200C0B0BC /* UserServiceProtocol.swift in Sources */ = {isa = PBXBuildFile; fileRef = EA292CBC1D96C43200C0B0BC /* UserServiceProtocol.swift */; };
		EA292CC11D96C76C00C0B0BC /* UserService.swift in Sources */ = {isa = PBXBuildFile; fileRef = EA292CC01D96C76C00C0B0BC /* UserService.swift */; };
		EA292CC51D97257B00C0B0BC /* DatePickerViewController.swift in Sources */ = {isa = PBXBuildFile; fileRef = EA292CC41D97257B00C0B0BC /* DatePickerViewController.swift */; };
		EA292CC71D97264500C0B0BC /* OnBoardViewModel.swift in Sources */ = {isa = PBXBuildFile; fileRef = EA292CC61D97264500C0B0BC /* OnBoardViewModel.swift */; };
		EA30D9A71D985C5D00373A96 /* DatePickerViewController.storyboard in Resources */ = {isa = PBXBuildFile; fileRef = EA30D9A51D985C5D00373A96 /* DatePickerViewController.storyboard */; };
		EA30D9A91D98655000373A96 /* PickerViewController.swift in Sources */ = {isa = PBXBuildFile; fileRef = EA30D9A81D98655000373A96 /* PickerViewController.swift */; };
		EA30D9AB1D9868C100373A96 /* PickerViews.swift in Sources */ = {isa = PBXBuildFile; fileRef = EA30D9AA1D9868C100373A96 /* PickerViews.swift */; };
/* End PBXBuildFile section */

/* Begin PBXContainerItemProxy section */
		CB105A651D87B24400EA201C /* PBXContainerItemProxy */ = {
			isa = PBXContainerItemProxy;
			containerPortal = CB105A481D87B24300EA201C /* Project object */;
			proxyType = 1;
			remoteGlobalIDString = CB105A4F1D87B24300EA201C;
			remoteInfo = Luna;
		};
/* End PBXContainerItemProxy section */

/* Begin PBXFileReference section */
		532D6A37AC3167AE4E2EB8DD /* Pods_Luna.framework */ = {isa = PBXFileReference; explicitFileType = wrapper.framework; includeInIndex = 0; path = Pods_Luna.framework; sourceTree = BUILT_PRODUCTS_DIR; };
		608D3526EF0BE9D1F083404A /* Pods-Luna.debug.xcconfig */ = {isa = PBXFileReference; includeInIndex = 1; lastKnownFileType = text.xcconfig; name = "Pods-Luna.debug.xcconfig"; path = "Pods/Target Support Files/Pods-Luna/Pods-Luna.debug.xcconfig"; sourceTree = "<group>"; };
		842E3A2534E7D3CB26BC6567 /* Pods-Luna.release.xcconfig */ = {isa = PBXFileReference; includeInIndex = 1; lastKnownFileType = text.xcconfig; name = "Pods-Luna.release.xcconfig"; path = "Pods/Target Support Files/Pods-Luna/Pods-Luna.release.xcconfig"; sourceTree = "<group>"; };
		86A1028D93A3FE5E2B27DBA8 /* Pods_LunaTests.framework */ = {isa = PBXFileReference; explicitFileType = wrapper.framework; includeInIndex = 0; path = Pods_LunaTests.framework; sourceTree = BUILT_PRODUCTS_DIR; };
		98AA2E6AD0B96B2A96553D9B /* Pods-LunaTests.debug.xcconfig */ = {isa = PBXFileReference; includeInIndex = 1; lastKnownFileType = text.xcconfig; name = "Pods-LunaTests.debug.xcconfig"; path = "Pods/Target Support Files/Pods-LunaTests/Pods-LunaTests.debug.xcconfig"; sourceTree = "<group>"; };
		CB105A501D87B24400EA201C /* Luna.app */ = {isa = PBXFileReference; explicitFileType = wrapper.application; includeInIndex = 0; path = Luna.app; sourceTree = BUILT_PRODUCTS_DIR; };
		CB105A531D87B24400EA201C /* AppDelegate.swift */ = {isa = PBXFileReference; lastKnownFileType = sourcecode.swift; path = AppDelegate.swift; sourceTree = "<group>"; };
		CB105A551D87B24400EA201C /* LoginViewController.swift */ = {isa = PBXFileReference; lastKnownFileType = sourcecode.swift; path = LoginViewController.swift; sourceTree = "<group>"; };
		CB105A581D87B24400EA201C /* Base */ = {isa = PBXFileReference; lastKnownFileType = file.storyboard; name = Base; path = Base.lproj/Main.storyboard; sourceTree = "<group>"; };
		CB105A5A1D87B24400EA201C /* Assets.xcassets */ = {isa = PBXFileReference; lastKnownFileType = folder.assetcatalog; path = Assets.xcassets; sourceTree = "<group>"; };
		CB105A5D1D87B24400EA201C /* Base */ = {isa = PBXFileReference; lastKnownFileType = file.storyboard; name = Base; path = Base.lproj/LaunchScreen.storyboard; sourceTree = "<group>"; };
		CB105A5F1D87B24400EA201C /* Info.plist */ = {isa = PBXFileReference; lastKnownFileType = text.plist.xml; path = Info.plist; sourceTree = "<group>"; };
		CB105A641D87B24400EA201C /* LunaTests.xctest */ = {isa = PBXFileReference; explicitFileType = wrapper.cfbundle; includeInIndex = 0; path = LunaTests.xctest; sourceTree = BUILT_PRODUCTS_DIR; };
		CB105A681D87B24400EA201C /* LunaTests.swift */ = {isa = PBXFileReference; lastKnownFileType = sourcecode.swift; path = LunaTests.swift; sourceTree = "<group>"; };
		CB105A6A1D87B24400EA201C /* Info.plist */ = {isa = PBXFileReference; lastKnownFileType = text.plist.xml; path = Info.plist; sourceTree = "<group>"; };
		CB105A731D87B54700EA201C /* Luna.entitlements */ = {isa = PBXFileReference; lastKnownFileType = text.plist.entitlements; path = Luna.entitlements; sourceTree = "<group>"; };
		CB105A751D87B7DD00EA201C /* Fabric.framework */ = {isa = PBXFileReference; lastKnownFileType = wrapper.framework; path = Fabric.framework; sourceTree = "<group>"; };
		CB105A761D87B7DD00EA201C /* Crashlytics.framework */ = {isa = PBXFileReference; lastKnownFileType = wrapper.framework; path = Crashlytics.framework; sourceTree = "<group>"; };
		CB2827701D90387F008043BC /* Constants.swift */ = {isa = PBXFileReference; fileEncoding = 4; lastKnownFileType = sourcecode.swift; path = Constants.swift; sourceTree = "<group>"; };
		CB2827711D90387F008043BC /* Networking.swift */ = {isa = PBXFileReference; fileEncoding = 4; lastKnownFileType = sourcecode.swift; path = Networking.swift; sourceTree = "<group>"; };
		CB51CDDB1D98DA100054F8C0 /* LunaAPI.swift */ = {isa = PBXFileReference; fileEncoding = 4; lastKnownFileType = sourcecode.swift; path = LunaAPI.swift; sourceTree = "<group>"; };
		CB59EFF21D8A0CCA0099F63A /* GoogleService-Info.plist */ = {isa = PBXFileReference; fileEncoding = 4; lastKnownFileType = text.plist.xml; path = "GoogleService-Info.plist"; sourceTree = "<group>"; };
		CBC7931F1D8CC8D40014A0EA /* Utility.swift */ = {isa = PBXFileReference; fileEncoding = 4; lastKnownFileType = sourcecode.swift; path = Utility.swift; sourceTree = "<group>"; };
		CBC793211D8CCA950014A0EA /* String+.swift */ = {isa = PBXFileReference; fileEncoding = 4; lastKnownFileType = sourcecode.swift; path = "String+.swift"; sourceTree = "<group>"; };
		CBD0B9AF1D9589710002A1BF /* StandardDefaults.swift */ = {isa = PBXFileReference; fileEncoding = 4; lastKnownFileType = sourcecode.swift; path = StandardDefaults.swift; sourceTree = "<group>"; };
		EA292C951D95AD2000C0B0BC /* User.swift */ = {isa = PBXFileReference; fileEncoding = 4; lastKnownFileType = sourcecode.swift; path = User.swift; sourceTree = "<group>"; };
		EA292C981D95AD6300C0B0BC /* FirebaseService.swift */ = {isa = PBXFileReference; fileEncoding = 4; lastKnownFileType = sourcecode.swift; path = FirebaseService.swift; sourceTree = "<group>"; };
		EA292C9E1D95ADE300C0B0BC /* UserViewModel.swift */ = {isa = PBXFileReference; fileEncoding = 4; lastKnownFileType = sourcecode.swift; path = UserViewModel.swift; sourceTree = "<group>"; };
		EA292CA11D95AE3500C0B0BC /* OpenSans-Bold.ttf */ = {isa = PBXFileReference; lastKnownFileType = file; path = "OpenSans-Bold.ttf"; sourceTree = "<group>"; };
		EA292CA21D95AE3500C0B0BC /* OpenSans-BoldItalic.ttf */ = {isa = PBXFileReference; lastKnownFileType = file; path = "OpenSans-BoldItalic.ttf"; sourceTree = "<group>"; };
		EA292CA31D95AE3500C0B0BC /* OpenSans-ExtraBold.ttf */ = {isa = PBXFileReference; lastKnownFileType = file; path = "OpenSans-ExtraBold.ttf"; sourceTree = "<group>"; };
		EA292CA41D95AE3500C0B0BC /* OpenSans-ExtraBoldItalic.ttf */ = {isa = PBXFileReference; lastKnownFileType = file; path = "OpenSans-ExtraBoldItalic.ttf"; sourceTree = "<group>"; };
		EA292CA51D95AE3500C0B0BC /* OpenSans-Italic.ttf */ = {isa = PBXFileReference; lastKnownFileType = file; path = "OpenSans-Italic.ttf"; sourceTree = "<group>"; };
		EA292CA61D95AE3500C0B0BC /* OpenSans-Light.ttf */ = {isa = PBXFileReference; lastKnownFileType = file; path = "OpenSans-Light.ttf"; sourceTree = "<group>"; };
		EA292CA71D95AE3500C0B0BC /* OpenSans-LightItalic.ttf */ = {isa = PBXFileReference; lastKnownFileType = file; path = "OpenSans-LightItalic.ttf"; sourceTree = "<group>"; };
		EA292CA81D95AE3500C0B0BC /* OpenSans-Regular.ttf */ = {isa = PBXFileReference; lastKnownFileType = file; path = "OpenSans-Regular.ttf"; sourceTree = "<group>"; };
		EA292CA91D95AE3500C0B0BC /* OpenSans-Semibold.ttf */ = {isa = PBXFileReference; lastKnownFileType = file; path = "OpenSans-Semibold.ttf"; sourceTree = "<group>"; };
		EA292CAA1D95AE3500C0B0BC /* OpenSans-SemiboldItalic.ttf */ = {isa = PBXFileReference; lastKnownFileType = file; path = "OpenSans-SemiboldItalic.ttf"; sourceTree = "<group>"; };
		EA292CB61D95AEF900C0B0BC /* AuthorizeViewController.swift */ = {isa = PBXFileReference; fileEncoding = 4; lastKnownFileType = sourcecode.swift; path = AuthorizeViewController.swift; sourceTree = "<group>"; };
		EA292CBA1D96C3DD00C0B0BC /* LoginViewModel.swift */ = {isa = PBXFileReference; fileEncoding = 4; lastKnownFileType = sourcecode.swift; path = LoginViewModel.swift; sourceTree = "<group>"; };
		EA292CBC1D96C43200C0B0BC /* UserServiceProtocol.swift */ = {isa = PBXFileReference; fileEncoding = 4; lastKnownFileType = sourcecode.swift; path = UserServiceProtocol.swift; sourceTree = "<group>"; };
		EA292CC01D96C76C00C0B0BC /* UserService.swift */ = {isa = PBXFileReference; fileEncoding = 4; lastKnownFileType = sourcecode.swift; path = UserService.swift; sourceTree = "<group>"; };
		EA292CC41D97257B00C0B0BC /* DatePickerViewController.swift */ = {isa = PBXFileReference; fileEncoding = 4; lastKnownFileType = sourcecode.swift; path = DatePickerViewController.swift; sourceTree = "<group>"; };
		EA292CC61D97264500C0B0BC /* OnBoardViewModel.swift */ = {isa = PBXFileReference; fileEncoding = 4; lastKnownFileType = sourcecode.swift; path = OnBoardViewModel.swift; sourceTree = "<group>"; };
		EA30D9A61D985C5D00373A96 /* Base */ = {isa = PBXFileReference; lastKnownFileType = file.storyboard; name = Base; path = Base.lproj/DatePickerViewController.storyboard; sourceTree = "<group>"; };
		EA30D9A81D98655000373A96 /* PickerViewController.swift */ = {isa = PBXFileReference; fileEncoding = 4; lastKnownFileType = sourcecode.swift; path = PickerViewController.swift; sourceTree = "<group>"; };
		EA30D9AA1D9868C100373A96 /* PickerViews.swift */ = {isa = PBXFileReference; fileEncoding = 4; lastKnownFileType = sourcecode.swift; path = PickerViews.swift; sourceTree = "<group>"; };
		F0F0547DA627EF03A835C9B9 /* Pods-LunaTests.release.xcconfig */ = {isa = PBXFileReference; includeInIndex = 1; lastKnownFileType = text.xcconfig; name = "Pods-LunaTests.release.xcconfig"; path = "Pods/Target Support Files/Pods-LunaTests/Pods-LunaTests.release.xcconfig"; sourceTree = "<group>"; };
/* End PBXFileReference section */

/* Begin PBXFrameworksBuildPhase section */
		CB105A4D1D87B24300EA201C /* Frameworks */ = {
			isa = PBXFrameworksBuildPhase;
			buildActionMask = 2147483647;
			files = (
				CB105A781D87B7DD00EA201C /* Crashlytics.framework in Frameworks */,
				CB105A771D87B7DD00EA201C /* Fabric.framework in Frameworks */,
				B1B32145809EBD815C0C400E /* Pods_Luna.framework in Frameworks */,
			);
			runOnlyForDeploymentPostprocessing = 0;
		};
		CB105A611D87B24400EA201C /* Frameworks */ = {
			isa = PBXFrameworksBuildPhase;
			buildActionMask = 2147483647;
			files = (
				521C84CE55D242D26396AE3B /* Pods_LunaTests.framework in Frameworks */,
			);
			runOnlyForDeploymentPostprocessing = 0;
		};
/* End PBXFrameworksBuildPhase section */

/* Begin PBXGroup section */
		3CF20532D269E478BCE62B29 /* Pods */ = {
			isa = PBXGroup;
			children = (
				608D3526EF0BE9D1F083404A /* Pods-Luna.debug.xcconfig */,
				842E3A2534E7D3CB26BC6567 /* Pods-Luna.release.xcconfig */,
				98AA2E6AD0B96B2A96553D9B /* Pods-LunaTests.debug.xcconfig */,
				F0F0547DA627EF03A835C9B9 /* Pods-LunaTests.release.xcconfig */,
			);
			name = Pods;
			sourceTree = "<group>";
		};
		6AA29B12C42B8105B132AA8A /* Frameworks */ = {
			isa = PBXGroup;
			children = (
				532D6A37AC3167AE4E2EB8DD /* Pods_Luna.framework */,
				86A1028D93A3FE5E2B27DBA8 /* Pods_LunaTests.framework */,
			);
			name = Frameworks;
			sourceTree = "<group>";
		};
		CB105A471D87B24300EA201C = {
			isa = PBXGroup;
			children = (
				CB105A751D87B7DD00EA201C /* Fabric.framework */,
				CB105A761D87B7DD00EA201C /* Crashlytics.framework */,
				CB105A521D87B24400EA201C /* Luna */,
				EA292CA01D95AE1F00C0B0BC /* Resources */,
				CB105A671D87B24400EA201C /* LunaTests */,
				CB105A511D87B24400EA201C /* Products */,
				3CF20532D269E478BCE62B29 /* Pods */,
				6AA29B12C42B8105B132AA8A /* Frameworks */,
			);
			sourceTree = "<group>";
		};
		CB105A511D87B24400EA201C /* Products */ = {
			isa = PBXGroup;
			children = (
				CB105A501D87B24400EA201C /* Luna.app */,
				CB105A641D87B24400EA201C /* LunaTests.xctest */,
			);
			name = Products;
			sourceTree = "<group>";
		};
		CB105A521D87B24400EA201C /* Luna */ = {
			isa = PBXGroup;
			children = (
				EA292CB51D95AEE200C0B0BC /* ViewController */,
				EA292C9D1D95ADBC00C0B0BC /* ViewModel */,
				EA292C9A1D95AD8B00C0B0BC /* Protocols */,
				EA292C971D95AD3700C0B0BC /* Service */,
				EA292C941D95AD1500C0B0BC /* Model */,
				CB105A731D87B54700EA201C /* Luna.entitlements */,
				CB105A531D87B24400EA201C /* AppDelegate.swift */,
				CB105A551D87B24400EA201C /* LoginViewController.swift */,
				CB2827701D90387F008043BC /* Constants.swift */,
				CB2827711D90387F008043BC /* Networking.swift */,
				CB51CDDB1D98DA100054F8C0 /* LunaAPI.swift */,
				CBD0B9AF1D9589710002A1BF /* StandardDefaults.swift */,
				CBC793211D8CCA950014A0EA /* String+.swift */,
				CBC7931F1D8CC8D40014A0EA /* Utility.swift */,
				CB105A571D87B24400EA201C /* Main.storyboard */,
				EA30D9A51D985C5D00373A96 /* DatePickerViewController.storyboard */,
				CB105A5A1D87B24400EA201C /* Assets.xcassets */,
				CB105A5C1D87B24400EA201C /* LaunchScreen.storyboard */,
				CB105A5F1D87B24400EA201C /* Info.plist */,
				CB59EFF21D8A0CCA0099F63A /* GoogleService-Info.plist */,
			);
			path = Luna;
			sourceTree = "<group>";
		};
		CB105A671D87B24400EA201C /* LunaTests */ = {
			isa = PBXGroup;
			children = (
				CB105A681D87B24400EA201C /* LunaTests.swift */,
				CB105A6A1D87B24400EA201C /* Info.plist */,
			);
			path = LunaTests;
			sourceTree = "<group>";
		};
		EA292C941D95AD1500C0B0BC /* Model */ = {
			isa = PBXGroup;
			children = (
				EA292C951D95AD2000C0B0BC /* User.swift */,
				EA30D9AA1D9868C100373A96 /* PickerViews.swift */,
			);
			name = Model;
			sourceTree = "<group>";
		};
		EA292C971D95AD3700C0B0BC /* Service */ = {
			isa = PBXGroup;
			children = (
				EA292C981D95AD6300C0B0BC /* FirebaseService.swift */,
				EA292CC01D96C76C00C0B0BC /* UserService.swift */,
			);
			name = Service;
			sourceTree = "<group>";
		};
		EA292C9A1D95AD8B00C0B0BC /* Protocols */ = {
			isa = PBXGroup;
			children = (
				EA292CBC1D96C43200C0B0BC /* UserServiceProtocol.swift */,
			);
			name = Protocols;
			sourceTree = "<group>";
		};
		EA292C9D1D95ADBC00C0B0BC /* ViewModel */ = {
			isa = PBXGroup;
			children = (
				EA292C9E1D95ADE300C0B0BC /* UserViewModel.swift */,
				EA292CBA1D96C3DD00C0B0BC /* LoginViewModel.swift */,
				EA292CC61D97264500C0B0BC /* OnBoardViewModel.swift */,
			);
			name = ViewModel;
			sourceTree = "<group>";
		};
		EA292CA01D95AE1F00C0B0BC /* Resources */ = {
			isa = PBXGroup;
			children = (
				EA292CA11D95AE3500C0B0BC /* OpenSans-Bold.ttf */,
				EA292CA21D95AE3500C0B0BC /* OpenSans-BoldItalic.ttf */,
				EA292CA31D95AE3500C0B0BC /* OpenSans-ExtraBold.ttf */,
				EA292CA41D95AE3500C0B0BC /* OpenSans-ExtraBoldItalic.ttf */,
				EA292CA51D95AE3500C0B0BC /* OpenSans-Italic.ttf */,
				EA292CA61D95AE3500C0B0BC /* OpenSans-Light.ttf */,
				EA292CA71D95AE3500C0B0BC /* OpenSans-LightItalic.ttf */,
				EA292CA81D95AE3500C0B0BC /* OpenSans-Regular.ttf */,
				EA292CA91D95AE3500C0B0BC /* OpenSans-Semibold.ttf */,
				EA292CAA1D95AE3500C0B0BC /* OpenSans-SemiboldItalic.ttf */,
			);
			name = Resources;
			path = Luna;
			sourceTree = "<group>";
		};
		EA292CB51D95AEE200C0B0BC /* ViewController */ = {
			isa = PBXGroup;
			children = (
				EA292CB61D95AEF900C0B0BC /* AuthorizeViewController.swift */,
				EA292CC41D97257B00C0B0BC /* DatePickerViewController.swift */,
				EA30D9A81D98655000373A96 /* PickerViewController.swift */,
			);
			name = ViewController;
			sourceTree = "<group>";
		};
/* End PBXGroup section */

/* Begin PBXNativeTarget section */
		CB105A4F1D87B24300EA201C /* Luna */ = {
			isa = PBXNativeTarget;
			buildConfigurationList = CB105A6D1D87B24400EA201C /* Build configuration list for PBXNativeTarget "Luna" */;
			buildPhases = (
				686D4FCF3A3AC60DE735F197 /* [CP] Check Pods Manifest.lock */,
				CB105A4C1D87B24300EA201C /* Sources */,
				CB105A4D1D87B24300EA201C /* Frameworks */,
				CB105A4E1D87B24300EA201C /* Resources */,
				CB105A741D87B7B000EA201C /* ShellScript */,
				D53079F339BBF05197EDB8BD /* [CP] Embed Pods Frameworks */,
				4555CFEF40F6DAE1C4A269ED /* [CP] Copy Pods Resources */,
			);
			buildRules = (
			);
			dependencies = (
			);
			name = Luna;
			productName = Luna;
			productReference = CB105A501D87B24400EA201C /* Luna.app */;
			productType = "com.apple.product-type.application";
		};
		CB105A631D87B24400EA201C /* LunaTests */ = {
			isa = PBXNativeTarget;
			buildConfigurationList = CB105A701D87B24400EA201C /* Build configuration list for PBXNativeTarget "LunaTests" */;
			buildPhases = (
				F7A452AFFF4B9B5EC40122C3 /* [CP] Check Pods Manifest.lock */,
				CB105A601D87B24400EA201C /* Sources */,
				CB105A611D87B24400EA201C /* Frameworks */,
				CB105A621D87B24400EA201C /* Resources */,
				B52F3AE49894043DD6C875CE /* [CP] Embed Pods Frameworks */,
				3B3D75BA7B2D25DE892CD7C4 /* [CP] Copy Pods Resources */,
			);
			buildRules = (
			);
			dependencies = (
				CB105A661D87B24400EA201C /* PBXTargetDependency */,
			);
			name = LunaTests;
			productName = LunaTests;
			productReference = CB105A641D87B24400EA201C /* LunaTests.xctest */;
			productType = "com.apple.product-type.bundle.unit-test";
		};
/* End PBXNativeTarget section */

/* Begin PBXProject section */
		CB105A481D87B24300EA201C /* Project object */ = {
			isa = PBXProject;
			attributes = {
				LastSwiftUpdateCheck = 0800;
				LastUpgradeCheck = 0800;
				ORGANIZATIONNAME = "Logan Blevins";
				TargetAttributes = {
					CB105A4F1D87B24300EA201C = {
						CreatedOnToolsVersion = 8.0;
						DevelopmentTeam = EB79RG3HGC;
						ProvisioningStyle = Automatic;
						SystemCapabilities = {
							com.apple.Push = {
								enabled = 1;
							};
							com.apple.SafariKeychain = {
								enabled = 1;
							};
						};
					};
					CB105A631D87B24400EA201C = {
						CreatedOnToolsVersion = 8.0;
						DevelopmentTeam = EB79RG3HGC;
						ProvisioningStyle = Automatic;
						TestTargetID = CB105A4F1D87B24300EA201C;
					};
				};
			};
			buildConfigurationList = CB105A4B1D87B24300EA201C /* Build configuration list for PBXProject "Luna" */;
			compatibilityVersion = "Xcode 3.2";
			developmentRegion = English;
			hasScannedForEncodings = 0;
			knownRegions = (
				en,
				Base,
			);
			mainGroup = CB105A471D87B24300EA201C;
			productRefGroup = CB105A511D87B24400EA201C /* Products */;
			projectDirPath = "";
			projectRoot = "";
			targets = (
				CB105A4F1D87B24300EA201C /* Luna */,
				CB105A631D87B24400EA201C /* LunaTests */,
			);
		};
/* End PBXProject section */

/* Begin PBXResourcesBuildPhase section */
		CB105A4E1D87B24300EA201C /* Resources */ = {
			isa = PBXResourcesBuildPhase;
			buildActionMask = 2147483647;
			files = (
				EA30D9A71D985C5D00373A96 /* DatePickerViewController.storyboard in Resources */,
				EA292CAF1D95AE3500C0B0BC /* OpenSans-Italic.ttf in Resources */,
				EA292CAC1D95AE3500C0B0BC /* OpenSans-BoldItalic.ttf in Resources */,
				CB105A5E1D87B24400EA201C /* LaunchScreen.storyboard in Resources */,
				EA292CB31D95AE3500C0B0BC /* OpenSans-Semibold.ttf in Resources */,
				EA292CAD1D95AE3500C0B0BC /* OpenSans-ExtraBold.ttf in Resources */,
				CB59EFF31D8A0CCA0099F63A /* GoogleService-Info.plist in Resources */,
				EA292CB11D95AE3500C0B0BC /* OpenSans-LightItalic.ttf in Resources */,
				CB105A5B1D87B24400EA201C /* Assets.xcassets in Resources */,
				EA292CAB1D95AE3500C0B0BC /* OpenSans-Bold.ttf in Resources */,
				CB105A591D87B24400EA201C /* Main.storyboard in Resources */,
				EA292CB41D95AE3500C0B0BC /* OpenSans-SemiboldItalic.ttf in Resources */,
				EA292CB01D95AE3500C0B0BC /* OpenSans-Light.ttf in Resources */,
				EA292CB21D95AE3500C0B0BC /* OpenSans-Regular.ttf in Resources */,
				EA292CAE1D95AE3500C0B0BC /* OpenSans-ExtraBoldItalic.ttf in Resources */,
			);
			runOnlyForDeploymentPostprocessing = 0;
		};
		CB105A621D87B24400EA201C /* Resources */ = {
			isa = PBXResourcesBuildPhase;
			buildActionMask = 2147483647;
			files = (
			);
			runOnlyForDeploymentPostprocessing = 0;
		};
/* End PBXResourcesBuildPhase section */

/* Begin PBXShellScriptBuildPhase section */
		3B3D75BA7B2D25DE892CD7C4 /* [CP] Copy Pods Resources */ = {
			isa = PBXShellScriptBuildPhase;
			buildActionMask = 2147483647;
			files = (
			);
			inputPaths = (
			);
			name = "[CP] Copy Pods Resources";
			outputPaths = (
			);
			runOnlyForDeploymentPostprocessing = 0;
			shellPath = /bin/sh;
			shellScript = "\"${SRCROOT}/Pods/Target Support Files/Pods-LunaTests/Pods-LunaTests-resources.sh\"\n";
			showEnvVarsInLog = 0;
		};
		4555CFEF40F6DAE1C4A269ED /* [CP] Copy Pods Resources */ = {
			isa = PBXShellScriptBuildPhase;
			buildActionMask = 2147483647;
			files = (
			);
			inputPaths = (
			);
			name = "[CP] Copy Pods Resources";
			outputPaths = (
			);
			runOnlyForDeploymentPostprocessing = 0;
			shellPath = /bin/sh;
			shellScript = "\"${SRCROOT}/Pods/Target Support Files/Pods-Luna/Pods-Luna-resources.sh\"\n";
			showEnvVarsInLog = 0;
		};
		686D4FCF3A3AC60DE735F197 /* [CP] Check Pods Manifest.lock */ = {
			isa = PBXShellScriptBuildPhase;
			buildActionMask = 2147483647;
			files = (
			);
			inputPaths = (
			);
			name = "[CP] Check Pods Manifest.lock";
			outputPaths = (
			);
			runOnlyForDeploymentPostprocessing = 0;
			shellPath = /bin/sh;
			shellScript = "diff \"${PODS_ROOT}/../Podfile.lock\" \"${PODS_ROOT}/Manifest.lock\" > /dev/null\nif [[ $? != 0 ]] ; then\n    cat << EOM\nerror: The sandbox is not in sync with the Podfile.lock. Run 'pod install' or update your CocoaPods installation.\nEOM\n    exit 1\nfi\n";
			showEnvVarsInLog = 0;
		};
		B52F3AE49894043DD6C875CE /* [CP] Embed Pods Frameworks */ = {
			isa = PBXShellScriptBuildPhase;
			buildActionMask = 2147483647;
			files = (
			);
			inputPaths = (
			);
			name = "[CP] Embed Pods Frameworks";
			outputPaths = (
			);
			runOnlyForDeploymentPostprocessing = 0;
			shellPath = /bin/sh;
			shellScript = "\"${SRCROOT}/Pods/Target Support Files/Pods-LunaTests/Pods-LunaTests-frameworks.sh\"\n";
			showEnvVarsInLog = 0;
		};
		CB105A741D87B7B000EA201C /* ShellScript */ = {
			isa = PBXShellScriptBuildPhase;
			buildActionMask = 2147483647;
			files = (
			);
			inputPaths = (
			);
			outputPaths = (
			);
			runOnlyForDeploymentPostprocessing = 0;
			shellPath = /bin/sh;
			shellScript = "./Fabric.framework/run 8203173641472eaccb3c6b71756528d1fdcaaeb1 57cd677b761b64b5505bf1b2bd98f788a4e3ceb2254eba002eec582fc6d98aff";
		};
		D53079F339BBF05197EDB8BD /* [CP] Embed Pods Frameworks */ = {
			isa = PBXShellScriptBuildPhase;
			buildActionMask = 2147483647;
			files = (
			);
			inputPaths = (
			);
			name = "[CP] Embed Pods Frameworks";
			outputPaths = (
			);
			runOnlyForDeploymentPostprocessing = 0;
			shellPath = /bin/sh;
			shellScript = "\"${SRCROOT}/Pods/Target Support Files/Pods-Luna/Pods-Luna-frameworks.sh\"\n";
			showEnvVarsInLog = 0;
		};
		F7A452AFFF4B9B5EC40122C3 /* [CP] Check Pods Manifest.lock */ = {
			isa = PBXShellScriptBuildPhase;
			buildActionMask = 2147483647;
			files = (
			);
			inputPaths = (
			);
			name = "[CP] Check Pods Manifest.lock";
			outputPaths = (
			);
			runOnlyForDeploymentPostprocessing = 0;
			shellPath = /bin/sh;
			shellScript = "diff \"${PODS_ROOT}/../Podfile.lock\" \"${PODS_ROOT}/Manifest.lock\" > /dev/null\nif [[ $? != 0 ]] ; then\n    cat << EOM\nerror: The sandbox is not in sync with the Podfile.lock. Run 'pod install' or update your CocoaPods installation.\nEOM\n    exit 1\nfi\n";
			showEnvVarsInLog = 0;
		};
/* End PBXShellScriptBuildPhase section */

/* Begin PBXSourcesBuildPhase section */
		CB105A4C1D87B24300EA201C /* Sources */ = {
			isa = PBXSourcesBuildPhase;
			buildActionMask = 2147483647;
			files = (
				CB2827721D90387F008043BC /* Constants.swift in Sources */,
				EA292C9F1D95ADE300C0B0BC /* UserViewModel.swift in Sources */,
				EA292CC71D97264500C0B0BC /* OnBoardViewModel.swift in Sources */,
				EA292CB71D95AEF900C0B0BC /* AuthorizeViewController.swift in Sources */,
				CBD0B9B01D9589710002A1BF /* StandardDefaults.swift in Sources */,
				CB105A561D87B24400EA201C /* LoginViewController.swift in Sources */,
				EA30D9AB1D9868C100373A96 /* PickerViews.swift in Sources */,
				EA292CBD1D96C43200C0B0BC /* UserServiceProtocol.swift in Sources */,
				EA292CC11D96C76C00C0B0BC /* UserService.swift in Sources */,
				CB105A541D87B24400EA201C /* AppDelegate.swift in Sources */,
				EA292CBB1D96C3DD00C0B0BC /* LoginViewModel.swift in Sources */,
				EA292C991D95AD6300C0B0BC /* FirebaseService.swift in Sources */,
				CB51CDDC1D98DA100054F8C0 /* LunaAPI.swift in Sources */,
				EA292C961D95AD2000C0B0BC /* User.swift in Sources */,
				EA292CC51D97257B00C0B0BC /* DatePickerViewController.swift in Sources */,
				CB2827731D90387F008043BC /* Networking.swift in Sources */,
				CBC793221D8CCA950014A0EA /* String+.swift in Sources */,
				CBC793201D8CC8D40014A0EA /* Utility.swift in Sources */,
				EA30D9A91D98655000373A96 /* PickerViewController.swift in Sources */,
			);
			runOnlyForDeploymentPostprocessing = 0;
		};
		CB105A601D87B24400EA201C /* Sources */ = {
			isa = PBXSourcesBuildPhase;
			buildActionMask = 2147483647;
			files = (
				CB105A691D87B24400EA201C /* LunaTests.swift in Sources */,
			);
			runOnlyForDeploymentPostprocessing = 0;
		};
/* End PBXSourcesBuildPhase section */

/* Begin PBXTargetDependency section */
		CB105A661D87B24400EA201C /* PBXTargetDependency */ = {
			isa = PBXTargetDependency;
			target = CB105A4F1D87B24300EA201C /* Luna */;
			targetProxy = CB105A651D87B24400EA201C /* PBXContainerItemProxy */;
		};
/* End PBXTargetDependency section */

/* Begin PBXVariantGroup section */
		CB105A571D87B24400EA201C /* Main.storyboard */ = {
			isa = PBXVariantGroup;
			children = (
				CB105A581D87B24400EA201C /* Base */,
			);
			name = Main.storyboard;
			sourceTree = "<group>";
		};
		CB105A5C1D87B24400EA201C /* LaunchScreen.storyboard */ = {
			isa = PBXVariantGroup;
			children = (
				CB105A5D1D87B24400EA201C /* Base */,
			);
			name = LaunchScreen.storyboard;
			sourceTree = "<group>";
		};
		EA30D9A51D985C5D00373A96 /* DatePickerViewController.storyboard */ = {
			isa = PBXVariantGroup;
			children = (
				EA30D9A61D985C5D00373A96 /* Base */,
			);
			name = DatePickerViewController.storyboard;
			sourceTree = "<group>";
		};
/* End PBXVariantGroup section */

/* Begin XCBuildConfiguration section */
		CB105A6B1D87B24400EA201C /* Debug */ = {
			isa = XCBuildConfiguration;
			buildSettings = {
				ALWAYS_SEARCH_USER_PATHS = NO;
				CLANG_ANALYZER_NONNULL = YES;
				CLANG_CXX_LANGUAGE_STANDARD = "gnu++0x";
				CLANG_CXX_LIBRARY = "libc++";
				CLANG_ENABLE_MODULES = YES;
				CLANG_ENABLE_OBJC_ARC = YES;
				CLANG_WARN_BOOL_CONVERSION = YES;
				CLANG_WARN_CONSTANT_CONVERSION = YES;
				CLANG_WARN_DIRECT_OBJC_ISA_USAGE = YES_ERROR;
				CLANG_WARN_DOCUMENTATION_COMMENTS = YES;
				CLANG_WARN_EMPTY_BODY = YES;
				CLANG_WARN_ENUM_CONVERSION = YES;
				CLANG_WARN_INFINITE_RECURSION = YES;
				CLANG_WARN_INT_CONVERSION = YES;
				CLANG_WARN_OBJC_ROOT_CLASS = YES_ERROR;
				CLANG_WARN_SUSPICIOUS_MOVE = YES;
				CLANG_WARN_SUSPICIOUS_MOVES = YES;
				CLANG_WARN_UNREACHABLE_CODE = YES;
				CLANG_WARN__DUPLICATE_METHOD_MATCH = YES;
				"CODE_SIGN_IDENTITY[sdk=iphoneos*]" = "iPhone Developer";
				COPY_PHASE_STRIP = NO;
				DEBUG_INFORMATION_FORMAT = dwarf;
				ENABLE_STRICT_OBJC_MSGSEND = YES;
				ENABLE_TESTABILITY = YES;
				GCC_C_LANGUAGE_STANDARD = gnu99;
				GCC_DYNAMIC_NO_PIC = NO;
				GCC_NO_COMMON_BLOCKS = YES;
				GCC_OPTIMIZATION_LEVEL = 0;
				GCC_PREPROCESSOR_DEFINITIONS = (
					"DEBUG=1",
					"$(inherited)",
				);
				GCC_WARN_64_TO_32_BIT_CONVERSION = YES;
				GCC_WARN_ABOUT_RETURN_TYPE = YES_ERROR;
				GCC_WARN_UNDECLARED_SELECTOR = YES;
				GCC_WARN_UNINITIALIZED_AUTOS = YES_AGGRESSIVE;
				GCC_WARN_UNUSED_FUNCTION = YES;
				GCC_WARN_UNUSED_VARIABLE = YES;
				IPHONEOS_DEPLOYMENT_TARGET = 10.0;
				MTL_ENABLE_DEBUG_INFO = YES;
				ONLY_ACTIVE_ARCH = YES;
				SDKROOT = iphoneos;
				SWIFT_ACTIVE_COMPILATION_CONDITIONS = DEBUG;
				SWIFT_OPTIMIZATION_LEVEL = "-Onone";
				SWIFT_TREAT_WARNINGS_AS_ERRORS = YES;
			};
			name = Debug;
		};
		CB105A6C1D87B24400EA201C /* Release */ = {
			isa = XCBuildConfiguration;
			buildSettings = {
				ALWAYS_SEARCH_USER_PATHS = NO;
				CLANG_ANALYZER_NONNULL = YES;
				CLANG_CXX_LANGUAGE_STANDARD = "gnu++0x";
				CLANG_CXX_LIBRARY = "libc++";
				CLANG_ENABLE_MODULES = YES;
				CLANG_ENABLE_OBJC_ARC = YES;
				CLANG_WARN_BOOL_CONVERSION = YES;
				CLANG_WARN_CONSTANT_CONVERSION = YES;
				CLANG_WARN_DIRECT_OBJC_ISA_USAGE = YES_ERROR;
				CLANG_WARN_DOCUMENTATION_COMMENTS = YES;
				CLANG_WARN_EMPTY_BODY = YES;
				CLANG_WARN_ENUM_CONVERSION = YES;
				CLANG_WARN_INFINITE_RECURSION = YES;
				CLANG_WARN_INT_CONVERSION = YES;
				CLANG_WARN_OBJC_ROOT_CLASS = YES_ERROR;
				CLANG_WARN_SUSPICIOUS_MOVE = YES;
				CLANG_WARN_SUSPICIOUS_MOVES = YES;
				CLANG_WARN_UNREACHABLE_CODE = YES;
				CLANG_WARN__DUPLICATE_METHOD_MATCH = YES;
				"CODE_SIGN_IDENTITY[sdk=iphoneos*]" = "iPhone Developer";
				COPY_PHASE_STRIP = NO;
				DEBUG_INFORMATION_FORMAT = "dwarf-with-dsym";
				ENABLE_NS_ASSERTIONS = NO;
				ENABLE_STRICT_OBJC_MSGSEND = YES;
				GCC_C_LANGUAGE_STANDARD = gnu99;
				GCC_NO_COMMON_BLOCKS = YES;
				GCC_WARN_64_TO_32_BIT_CONVERSION = YES;
				GCC_WARN_ABOUT_RETURN_TYPE = YES_ERROR;
				GCC_WARN_UNDECLARED_SELECTOR = YES;
				GCC_WARN_UNINITIALIZED_AUTOS = YES_AGGRESSIVE;
				GCC_WARN_UNUSED_FUNCTION = YES;
				GCC_WARN_UNUSED_VARIABLE = YES;
				IPHONEOS_DEPLOYMENT_TARGET = 10.0;
				MTL_ENABLE_DEBUG_INFO = NO;
				SDKROOT = iphoneos;
				SWIFT_OPTIMIZATION_LEVEL = "-Owholemodule";
				SWIFT_TREAT_WARNINGS_AS_ERRORS = YES;
				VALIDATE_PRODUCT = YES;
			};
			name = Release;
		};
		CB105A6E1D87B24400EA201C /* Debug */ = {
			isa = XCBuildConfiguration;
			baseConfigurationReference = 608D3526EF0BE9D1F083404A /* Pods-Luna.debug.xcconfig */;
			buildSettings = {
				ALWAYS_EMBED_SWIFT_STANDARD_LIBRARIES = YES;
				ASSETCATALOG_COMPILER_APPICON_NAME = AppIcon;
				CODE_SIGN_ENTITLEMENTS = Luna/Luna.entitlements;
				DEBUG_INFORMATION_FORMAT = "dwarf-with-dsym";
				DEVELOPMENT_TEAM = EB79RG3HGC;
				FRAMEWORK_SEARCH_PATHS = (
					"$(inherited)",
					"$(PROJECT_DIR)",
				);
				INFOPLIST_FILE = Luna/Info.plist;
				IPHONEOS_DEPLOYMENT_TARGET = 9.0;
				LD_RUNPATH_SEARCH_PATHS = "$(inherited) @executable_path/Frameworks";
				PRODUCT_BUNDLE_IDENTIFIER = com.loganblevins.Luna;
				PRODUCT_NAME = "$(TARGET_NAME)";
				SWIFT_VERSION = 3.0;
			};
			name = Debug;
		};
		CB105A6F1D87B24400EA201C /* Release */ = {
			isa = XCBuildConfiguration;
			baseConfigurationReference = 842E3A2534E7D3CB26BC6567 /* Pods-Luna.release.xcconfig */;
			buildSettings = {
				ALWAYS_EMBED_SWIFT_STANDARD_LIBRARIES = YES;
				ASSETCATALOG_COMPILER_APPICON_NAME = AppIcon;
				CODE_SIGN_ENTITLEMENTS = Luna/Luna.entitlements;
				DEVELOPMENT_TEAM = EB79RG3HGC;
				FRAMEWORK_SEARCH_PATHS = (
					"$(inherited)",
					"$(PROJECT_DIR)",
				);
				INFOPLIST_FILE = Luna/Info.plist;
				IPHONEOS_DEPLOYMENT_TARGET = 9.0;
				LD_RUNPATH_SEARCH_PATHS = "$(inherited) @executable_path/Frameworks";
				PRODUCT_BUNDLE_IDENTIFIER = com.loganblevins.Luna;
				PRODUCT_NAME = "$(TARGET_NAME)";
				SWIFT_VERSION = 3.0;
			};
			name = Release;
		};
		CB105A711D87B24400EA201C /* Debug */ = {
			isa = XCBuildConfiguration;
			baseConfigurationReference = 98AA2E6AD0B96B2A96553D9B /* Pods-LunaTests.debug.xcconfig */;
			buildSettings = {
				ALWAYS_EMBED_SWIFT_STANDARD_LIBRARIES = YES;
				BUNDLE_LOADER = "$(TEST_HOST)";
				DEVELOPMENT_TEAM = EB79RG3HGC;
				INFOPLIST_FILE = LunaTests/Info.plist;
				LD_RUNPATH_SEARCH_PATHS = "$(inherited) @executable_path/Frameworks @loader_path/Frameworks";
				PRODUCT_BUNDLE_IDENTIFIER = com.loganblevins.LunaTests;
				PRODUCT_NAME = "$(TARGET_NAME)";
				SWIFT_VERSION = 3.0;
				TEST_HOST = "$(BUILT_PRODUCTS_DIR)/Luna.app/Luna";
			};
			name = Debug;
		};
		CB105A721D87B24400EA201C /* Release */ = {
			isa = XCBuildConfiguration;
			baseConfigurationReference = F0F0547DA627EF03A835C9B9 /* Pods-LunaTests.release.xcconfig */;
			buildSettings = {
				ALWAYS_EMBED_SWIFT_STANDARD_LIBRARIES = YES;
				BUNDLE_LOADER = "$(TEST_HOST)";
				DEVELOPMENT_TEAM = EB79RG3HGC;
				INFOPLIST_FILE = LunaTests/Info.plist;
				LD_RUNPATH_SEARCH_PATHS = "$(inherited) @executable_path/Frameworks @loader_path/Frameworks";
				PRODUCT_BUNDLE_IDENTIFIER = com.loganblevins.LunaTests;
				PRODUCT_NAME = "$(TARGET_NAME)";
				SWIFT_VERSION = 3.0;
				TEST_HOST = "$(BUILT_PRODUCTS_DIR)/Luna.app/Luna";
			};
			name = Release;
		};
/* End XCBuildConfiguration section */

/* Begin XCConfigurationList section */
		CB105A4B1D87B24300EA201C /* Build configuration list for PBXProject "Luna" */ = {
			isa = XCConfigurationList;
			buildConfigurations = (
				CB105A6B1D87B24400EA201C /* Debug */,
				CB105A6C1D87B24400EA201C /* Release */,
			);
			defaultConfigurationIsVisible = 0;
			defaultConfigurationName = Release;
		};
		CB105A6D1D87B24400EA201C /* Build configuration list for PBXNativeTarget "Luna" */ = {
			isa = XCConfigurationList;
			buildConfigurations = (
				CB105A6E1D87B24400EA201C /* Debug */,
				CB105A6F1D87B24400EA201C /* Release */,
			);
			defaultConfigurationIsVisible = 0;
			defaultConfigurationName = Release;
		};
		CB105A701D87B24400EA201C /* Build configuration list for PBXNativeTarget "LunaTests" */ = {
			isa = XCConfigurationList;
			buildConfigurations = (
				CB105A711D87B24400EA201C /* Debug */,
				CB105A721D87B24400EA201C /* Release */,
			);
			defaultConfigurationIsVisible = 0;
			defaultConfigurationName = Release;
		};
/* End XCConfigurationList section */
	};
	rootObject = CB105A481D87B24300EA201C /* Project object */;
}
